<?xml version="1.0" encoding="utf-8"?>
<Project ToolsVersion="4.0" xmlns="http://schemas.microsoft.com/developer/msbuild/2003">
  <ItemGroup>
    <Filter Include="Source Files">
      <UniqueIdentifier>{4FC737F1-C7A5-4376-A066-2A32D752A2FF}</UniqueIdentifier>
      <Extensions>cpp;c;cc;cxx;def;odl;idl;hpj;bat;asm;asmx</Extensions>
    </Filter>
    <Filter Include="Header Files">
      <UniqueIdentifier>{93995380-89BD-4b04-88EB-625FBE52EBFB}</UniqueIdentifier>
      <Extensions>h;hh;hpp;hxx;hm;inl;inc;ipp;xsd</Extensions>
    </Filter>
    <Filter Include="Resource Files">
      <UniqueIdentifier>{67DA6AB6-F800-4c08-8B7A-83BB121AAD01}</UniqueIdentifier>
      <Extensions>rc;ico;cur;bmp;dlg;rc2;rct;bin;rgs;gif;jpg;jpeg;jpe;resx;tiff;tif;png;wav;mfcribbon-ms</Extensions>
    </Filter>
    <Filter Include="Source Files\logging">
      <UniqueIdentifier>{7de1f992-df09-4040-827d-b2ecba674a7e}</UniqueIdentifier>
    </Filter>
    <Filter Include="Header Files\logging">
      <UniqueIdentifier>{5c4080f5-d8ec-46a0-bf6d-123c71792a9f}</UniqueIdentifier>
    </Filter>
    <Filter Include="Header Files\logging\sinks">
      <UniqueIdentifier>{de2cd646-516a-4a60-b37b-ee848a9bc0d5}</UniqueIdentifier>
    </Filter>
    <Filter Include="Header Files\logging\dispatcher">
      <UniqueIdentifier>{c292b251-83d1-4dbe-855a-54ee5fc4133c}</UniqueIdentifier>
    </Filter>
    <Filter Include="Source Files\logging\dispatcher">
      <UniqueIdentifier>{d6566d02-36b2-4900-8622-d6fc423569cb}</UniqueIdentifier>
    </Filter>
    <Filter Include="Source Files\logging\sinks">
      <UniqueIdentifier>{c82ec6be-871d-4088-ba1b-c9d332b6285b}</UniqueIdentifier>
    </Filter>
    <Filter Include="Header Files\logging\win32">
      <UniqueIdentifier>{9bce3681-2105-420f-b056-09ed4e4c829c}</UniqueIdentifier>
    </Filter>
    <Filter Include="Source Files\logging\win32">
      <UniqueIdentifier>{4400b333-14d4-4bfe-a658-42daa92ce317}</UniqueIdentifier>
    </Filter>
    <Filter Include="Header Files\error_codes">
      <UniqueIdentifier>{ad1ef34d-7726-4e5d-8944-109cdf8a9d3f}</UniqueIdentifier>
    </Filter>
    <Filter Include="Header Files\error_codes\win32">
      <UniqueIdentifier>{8160f1cb-9340-4a4a-afcc-5b20e5ebef8a}</UniqueIdentifier>
    </Filter>
    <Filter Include="Source Files\error_codes">
      <UniqueIdentifier>{eadc1988-53eb-451c-b432-f7379da92118}</UniqueIdentifier>
    </Filter>
    <Filter Include="Source Files\error_codes\win32">
      <UniqueIdentifier>{a5467d5f-bc52-4e1d-bec3-b3480d899b2a}</UniqueIdentifier>
    </Filter>
  </ItemGroup>  
  <ItemGroup>
    <ClCompile Include="..\..\..\..\src\base\logging\base.cpp">
      <Filter>Source Files\logging</Filter>
    </ClCompile>
    <ClCompile Include="..\..\..\..\src\base\logging\dispatcher\dispatcher.cpp">
      <Filter>Source Files\logging\dispatcher</Filter>
    </ClCompile>
    <ClCompile Include="..\..\..\..\src\base\logging\sinks\stdout.cpp">
      <Filter>Source Files\logging\sinks</Filter>
    </ClCompile>
    <ClCompile Include="..\..\..\..\src\base\logging\win32\utils.cpp">
      <Filter>Source Files\logging\win32</Filter>
    </ClCompile>
    <ClCompile Include="..\..\..\..\src\base\logging\sinks\file.cpp">
      <Filter>Source Files\logging\sinks</Filter>
    </ClCompile>
    <ClCompile Include="..\..\..\..\src\base\logging\sinks\win32_debugger.cpp">
      <Filter>Source Files\logging\sinks</Filter>
    </ClCompile>
    <ClCompile Include="..\..\..\..\src\base\logging\macros.cpp">
      <Filter>Source Files\logging</Filter>
    </ClCompile>
    <ClCompile Include="..\..\..\..\src\base\error_codes\win32\stringify.cpp">
      <Filter>Source Files\error_codes\win32</Filter>
    </ClCompile>
    <ClCompile Include="..\..\..\..\src\base\error_codes\stringify.cpp">
      <Filter>Source Files\error_codes</Filter>
    </ClCompile>
    <ClCompile Include="..\..\..\..\src\base\stack_trace.cpp">
      <Filter>Source Files</Filter>
    </ClCompile>
    <ClCompile Include="..\..\..\..\src\base\exception.cpp">
      <Filter>Source Files</Filter>
    </ClCompile>
    <ClCompile Include="..\..\..\..\src\base\logging\interface.cpp">
      <Filter>Source Files\logging</Filter>
    </ClCompile>
    <ClCompile Include="..\..\..\..\src\base\dll_entry.cpp">
      <Filter>Source Files</Filter>
    </ClCompile>
  </ItemGroup>
  <ItemGroup>
    <ClInclude Include="..\..\..\..\include\base\logging\win32.h">
      <Filter>Header Files\logging</Filter>
    </ClInclude>
    <ClInclude Include="..\..\..\..\include\base\logging.h">
      <Filter>Header Files</Filter>
    </ClInclude>
    <ClInclude Include="..\..\..\..\include\base\logging\macros.h">
      <Filter>Header Files\logging</Filter>
    </ClInclude>
    <ClInclude Include="..\..\..\..\include\base\exception.h">
      <Filter>Header Files</Filter>
    </ClInclude>
    <ClInclude Include="..\..\..\..\include\base\logging\base.h">
      <Filter>Header Files\logging</Filter>
    </ClInclude>
    <ClInclude Include="..\..\..\..\include\base\debugging.h">
      <Filter>Header Files</Filter>
    </ClInclude>
    <ClInclude Include="..\..\..\..\include\base\logging\dispatcher\dispatcher.h">
      <Filter>Header Files\logging\dispatcher</Filter>
    </ClInclude>
    <ClInclude Include="..\..\..\..\include\base\logging\sinks\stdout.h">
      <Filter>Header Files\logging\sinks</Filter>
    </ClInclude>
    <ClInclude Include="..\..\..\..\include\base\logging\win32\utils.h">
      <Filter>Header Files\logging\win32</Filter>
    </ClInclude>
    <ClInclude Include="..\..\..\..\include\base\logging\sinks\file.h">
      <Filter>Header Files\logging\sinks</Filter>
    </ClInclude>
    <ClInclude Include="..\..\..\..\include\base\logging\sinks\win32_debugger.h">
      <Filter>Header Files\logging\sinks</Filter>
    </ClInclude>
    <ClInclude Include="..\..\..\..\include\base\error_codes.h">
      <Filter>Header Files</Filter>
    </ClInclude>
    <ClInclude Include="..\..\..\..\include\base\error_codes\stringify.h">
      <Filter>Header Files\error_codes</Filter>
    </ClInclude>
    <ClInclude Include="..\..\..\..\include\base\error_codes\win32\stringify.h">
      <Filter>Header Files\error_codes\win32</Filter>
    </ClInclude>
    <ClInclude Include="..\..\..\..\include\base\logging\interface.h">
      <Filter>Header Files\logging</Filter>
    </ClInclude>
    <ClInclude Include="..\..\..\..\include\base\logging\common.h">
      <Filter>Header Files\logging</Filter>
    </ClInclude>
    <ClInclude Include="..\..\..\..\include\base\logging\sinks\interface.h">
      <Filter>Header Files\logging\sinks</Filter>
    </ClInclude>
  </ItemGroup>
</Project>