
Microsoft Visual Studio Solution File, Format Version 12.00
# Visual Studio Version 16
VisualStudioVersion = 16.0.28803.156
MinimumVisualStudioVersion = 10.0.40219.1
Project("{8BC9CEB8-8B4A-11D0-8D11-00A0C91BC942}") = "test", "test\test.vcxproj", "{846F81D4-A1B9-4C0B-8DF2-3A06727F60B1}"
EndProject
Project("{2150E333-8FDC-42A3-9474-1A3956D46DE8}") = "apps", "apps", "{54572318-2B82-4EBC-AAAD-90A8B438F759}"
EndProject
Project("{8BC9CEB8-8B4A-11D0-8D11-00A0C91BC942}") = "image_viewer", "apps\image_viewer\image_viewer.vcxproj", "{7D5A1AC9-72D7-4D2B-950E-F9AB618CA4CF}"
EndProject
Project("{2150E333-8FDC-42A3-9474-1A3956D46DE8}") = "dynamic", "dynamic", "{72880C40-811E-48CE-8DE7-6FB1405C4563}"
EndProject
Project("{2150E333-8FDC-42A3-9474-1A3956D46DE8}") = "ext", "ext", "{4F785B0D-D2D9-4050-A0BB-04D8F9784066}"
EndProject
Project("{2150E333-8FDC-42A3-9474-1A3956D46DE8}") = "static", "static", "{C2F6F9C3-9F9A-4662-8FC6-FADE50FD1F58}"
EndProject
Project("{8BC9CEB8-8B4A-11D0-8D11-00A0C91BC942}") = "base", "vcproj\static\base\base.vcxproj", "{337C5E2D-FFDE-458C-8C2B-B1DC6CDB5707}"
EndProject
Project("{8BC9CEB8-8B4A-11D0-8D11-00A0C91BC942}") = "base", "vcproj\dynamic\base\base.vcxproj", "{34B7C3F3-324A-4370-963E-8725DF78C145}"
EndProject
Project("{8BC9CEB8-8B4A-11D0-8D11-00A0C91BC942}") = "logging", "vcproj\dynamic\base\logging\logging.vcxproj", "{DD05E230-EB4D-4507-93F7-E3A3BA7E8E7E}"
EndProject
Project("{8BC9CEB8-8B4A-11D0-8D11-00A0C91BC942}") = "logging", "vcproj\static\base\logging\logging.vcxproj", "{FDFC8D09-C14C-4F5D-8D39-216D37E8FFE9}"
EndProject
Project("{8BC9CEB8-8B4A-11D0-8D11-00A0C91BC942}") = "image_codecs", "vcproj\dynamic\ext\image_codecs\image_codecs.vcxproj", "{63DDE045-7F6E-4BF6-8DFB-96C9F47BC91D}"
EndProject
Project("{8BC9CEB8-8B4A-11D0-8D11-00A0C91BC942}") = "cuda", "vcproj\dynamic\ext\cuda\cuda.vcxproj", "{9E779272-62A4-4540-81F6-467F9707F6BF}"
EndProject
Project("{2150E333-8FDC-42A3-9474-1A3956D46DE8}") = "ext", "ext", "{0988647D-DB82-4DB6-B98E-4FE392608C22}"
EndProject
Project("{8BC9CEB8-8B4A-11D0-8D11-00A0C91BC942}") = "image_codecs", "vcproj\static\ext\image_codecs\image_codecs.vcxproj", "{C6FFD922-888E-4964-831F-5D8841183655}"
EndProject
Project("{2150E333-8FDC-42A3-9474-1A3956D46DE8}") = "3rd_party", "3rd_party", "{D22E3A42-642C-44DB-89A4-17334CFD71D4}"
EndProject
Project("{8BC9CEB8-8B4A-11D0-8D11-00A0C91BC942}") = "fmt", "vcproj\3rd_party\fmt\fmt.vcxproj", "{0648DA17-FC38-43AC-9C51-99CD61D46B94}"
EndProject
Global
	GlobalSection(SolutionConfigurationPlatforms) = preSolution
		Debug|x64 = Debug|x64
		Debug|x86 = Debug|x86
		Release|x64 = Release|x64
		Release|x86 = Release|x86
	EndGlobalSection
	GlobalSection(ProjectConfigurationPlatforms) = postSolution
		{846F81D4-A1B9-4C0B-8DF2-3A06727F60B1}.Debug|x64.ActiveCfg = Debug|x64
		{846F81D4-A1B9-4C0B-8DF2-3A06727F60B1}.Debug|x64.Build.0 = Debug|x64
		{846F81D4-A1B9-4C0B-8DF2-3A06727F60B1}.Debug|x86.ActiveCfg = Debug|x64
		{846F81D4-A1B9-4C0B-8DF2-3A06727F60B1}.Release|x64.ActiveCfg = Release|x64
		{846F81D4-A1B9-4C0B-8DF2-3A06727F60B1}.Release|x64.Build.0 = Release|x64
		{846F81D4-A1B9-4C0B-8DF2-3A06727F60B1}.Release|x86.ActiveCfg = Release|x64
		{7D5A1AC9-72D7-4D2B-950E-F9AB618CA4CF}.Debug|x64.ActiveCfg = Debug|x64
		{7D5A1AC9-72D7-4D2B-950E-F9AB618CA4CF}.Debug|x64.Build.0 = Debug|x64
		{7D5A1AC9-72D7-4D2B-950E-F9AB618CA4CF}.Debug|x86.ActiveCfg = Debug|Win32
		{7D5A1AC9-72D7-4D2B-950E-F9AB618CA4CF}.Debug|x86.Build.0 = Debug|Win32
		{7D5A1AC9-72D7-4D2B-950E-F9AB618CA4CF}.Release|x64.ActiveCfg = Release|x64
		{7D5A1AC9-72D7-4D2B-950E-F9AB618CA4CF}.Release|x64.Build.0 = Release|x64
		{7D5A1AC9-72D7-4D2B-950E-F9AB618CA4CF}.Release|x86.ActiveCfg = Release|Win32
		{7D5A1AC9-72D7-4D2B-950E-F9AB618CA4CF}.Release|x86.Build.0 = Release|Win32
		{337C5E2D-FFDE-458C-8C2B-B1DC6CDB5707}.Debug|x64.ActiveCfg = Debug|x64
		{337C5E2D-FFDE-458C-8C2B-B1DC6CDB5707}.Debug|x64.Build.0 = Debug|x64
		{337C5E2D-FFDE-458C-8C2B-B1DC6CDB5707}.Debug|x86.ActiveCfg = Debug|x64
		{337C5E2D-FFDE-458C-8C2B-B1DC6CDB5707}.Release|x64.ActiveCfg = Release|x64
		{337C5E2D-FFDE-458C-8C2B-B1DC6CDB5707}.Release|x64.Build.0 = Release|x64
		{337C5E2D-FFDE-458C-8C2B-B1DC6CDB5707}.Release|x86.ActiveCfg = Release|x64
		{34B7C3F3-324A-4370-963E-8725DF78C145}.Debug|x64.ActiveCfg = Debug|x64
		{34B7C3F3-324A-4370-963E-8725DF78C145}.Debug|x86.ActiveCfg = Debug|x64
		{34B7C3F3-324A-4370-963E-8725DF78C145}.Release|x64.ActiveCfg = Release|x64
		{34B7C3F3-324A-4370-963E-8725DF78C145}.Release|x86.ActiveCfg = Release|x64
		{DD05E230-EB4D-4507-93F7-E3A3BA7E8E7E}.Debug|x64.ActiveCfg = Debug|x64
		{DD05E230-EB4D-4507-93F7-E3A3BA7E8E7E}.Debug|x86.ActiveCfg = Debug|x64
		{DD05E230-EB4D-4507-93F7-E3A3BA7E8E7E}.Release|x64.ActiveCfg = Release|x64
		{DD05E230-EB4D-4507-93F7-E3A3BA7E8E7E}.Release|x86.ActiveCfg = Release|x64
		{FDFC8D09-C14C-4F5D-8D39-216D37E8FFE9}.Debug|x64.ActiveCfg = Debug|x64
		{FDFC8D09-C14C-4F5D-8D39-216D37E8FFE9}.Debug|x64.Build.0 = Debug|x64
		{FDFC8D09-C14C-4F5D-8D39-216D37E8FFE9}.Debug|x86.ActiveCfg = Debug|x64
		{FDFC8D09-C14C-4F5D-8D39-216D37E8FFE9}.Release|x64.ActiveCfg = Release|x64
		{FDFC8D09-C14C-4F5D-8D39-216D37E8FFE9}.Release|x64.Build.0 = Release|x64
		{FDFC8D09-C14C-4F5D-8D39-216D37E8FFE9}.Release|x86.ActiveCfg = Release|x64
		{63DDE045-7F6E-4BF6-8DFB-96C9F47BC91D}.Debug|x64.ActiveCfg = Debug|x64
		{63DDE045-7F6E-4BF6-8DFB-96C9F47BC91D}.Debug|x86.ActiveCfg = Debug|x64
		{63DDE045-7F6E-4BF6-8DFB-96C9F47BC91D}.Release|x64.ActiveCfg = Release|x64
		{63DDE045-7F6E-4BF6-8DFB-96C9F47BC91D}.Release|x86.ActiveCfg = Release|x64
		{9E779272-62A4-4540-81F6-467F9707F6BF}.Debug|x64.ActiveCfg = Debug|x64
		{9E779272-62A4-4540-81F6-467F9707F6BF}.Debug|x86.ActiveCfg = Debug|x64
		{9E779272-62A4-4540-81F6-467F9707F6BF}.Release|x64.ActiveCfg = Release|x64
		{9E779272-62A4-4540-81F6-467F9707F6BF}.Release|x86.ActiveCfg = Release|x64
		{C6FFD922-888E-4964-831F-5D8841183655}.Debug|x64.ActiveCfg = Debug|x64
		{C6FFD922-888E-4964-831F-5D8841183655}.Debug|x64.Build.0 = Debug|x64
		{C6FFD922-888E-4964-831F-5D8841183655}.Debug|x86.ActiveCfg = Debug|x64
		{C6FFD922-888E-4964-831F-5D8841183655}.Release|x64.ActiveCfg = Release|x64
		{C6FFD922-888E-4964-831F-5D8841183655}.Release|x64.Build.0 = Release|x64
		{C6FFD922-888E-4964-831F-5D8841183655}.Release|x86.ActiveCfg = Release|x64
		{0648DA17-FC38-43AC-9C51-99CD61D46B94}.Debug|x64.ActiveCfg = Debug|x64
		{0648DA17-FC38-43AC-9C51-99CD61D46B94}.Debug|x64.Build.0 = Debug|x64
		{0648DA17-FC38-43AC-9C51-99CD61D46B94}.Debug|x86.ActiveCfg = Debug|x64
		{0648DA17-FC38-43AC-9C51-99CD61D46B94}.Release|x64.ActiveCfg = Release|x64
		{0648DA17-FC38-43AC-9C51-99CD61D46B94}.Release|x64.Build.0 = Release|x64
		{0648DA17-FC38-43AC-9C51-99CD61D46B94}.Release|x86.ActiveCfg = Release|x64
	EndGlobalSection
	GlobalSection(SolutionProperties) = preSolution
		HideSolutionNode = FALSE
	EndGlobalSection
	GlobalSection(NestedProjects) = preSolution
		{846F81D4-A1B9-4C0B-8DF2-3A06727F60B1} = {C2F6F9C3-9F9A-4662-8FC6-FADE50FD1F58}
		{54572318-2B82-4EBC-AAAD-90A8B438F759} = {C2F6F9C3-9F9A-4662-8FC6-FADE50FD1F58}
		{7D5A1AC9-72D7-4D2B-950E-F9AB618CA4CF} = {54572318-2B82-4EBC-AAAD-90A8B438F759}
		{4F785B0D-D2D9-4050-A0BB-04D8F9784066} = {72880C40-811E-48CE-8DE7-6FB1405C4563}
		{337C5E2D-FFDE-458C-8C2B-B1DC6CDB5707} = {C2F6F9C3-9F9A-4662-8FC6-FADE50FD1F58}
		{34B7C3F3-324A-4370-963E-8725DF78C145} = {72880C40-811E-48CE-8DE7-6FB1405C4563}
		{DD05E230-EB4D-4507-93F7-E3A3BA7E8E7E} = {72880C40-811E-48CE-8DE7-6FB1405C4563}
		{FDFC8D09-C14C-4F5D-8D39-216D37E8FFE9} = {C2F6F9C3-9F9A-4662-8FC6-FADE50FD1F58}
		{63DDE045-7F6E-4BF6-8DFB-96C9F47BC91D} = {4F785B0D-D2D9-4050-A0BB-04D8F9784066}
		{9E779272-62A4-4540-81F6-467F9707F6BF} = {4F785B0D-D2D9-4050-A0BB-04D8F9784066}
		{0988647D-DB82-4DB6-B98E-4FE392608C22} = {C2F6F9C3-9F9A-4662-8FC6-FADE50FD1F58}
		{C6FFD922-888E-4964-831F-5D8841183655} = {0988647D-DB82-4DB6-B98E-4FE392608C22}
		{0648DA17-FC38-43AC-9C51-99CD61D46B94} = {D22E3A42-642C-44DB-89A4-17334CFD71D4}
	EndGlobalSection
	GlobalSection(ExtensibilityGlobals) = postSolution
		SolutionGuid = {2E839F0F-D07B-493E-88CD-BD9F352B7FB4}
	EndGlobalSection
EndGlobal
